// !$*UTF8*$!
{
	archiveVersion = 1;
	classes = {
	};
	objectVersion = 46;
	objects = {

/* Begin PBXBuildFile section */
		0207DA581B56EA530066E2B4 /* Images.xcassets in Resources */ = {isa = PBXBuildFile; fileRef = 0207DA571B56EA530066E2B4 /* Images.xcassets */; };
		0251C31CA3ED4AFBBE4F0587 /* libPayPalMobile.a in Frameworks */ = {isa = PBXBuildFile; fileRef = AE3CB15B3EDF49E4895C0946 /* libPayPalMobile.a */; };
		14AFDBF2887A42AEA68F1B4D /* libc++.dylib in Frameworks */ = {isa = PBXBuildFile; fileRef = C7431EC0337A449582E61E8A /* libc++.dylib */; };
		14D20A9E9DFF4EF69A2FB1ED /* libopencv_core.a in Frameworks */ = {isa = PBXBuildFile; fileRef = BB82026E2F474FB5A1AFC8E6 /* libopencv_core.a */; };
		1A7EDA8D060E44C4BC9057F7 /* GCDWebServerDataResponse.m in Sources */ = {isa = PBXBuildFile; fileRef = B3B17F41371B4A109E7A01D2 /* GCDWebServerDataResponse.m */; };
		1D3623260D0F684500981E51 /* AppDelegate.m in Sources */ = {isa = PBXBuildFile; fileRef = 1D3623250D0F684500981E51 /* AppDelegate.m */; };
		1D60589B0D05DD56006BFB54 /* main.m in Sources */ = {isa = PBXBuildFile; fileRef = 29B97316FDCFA39411CA2CEA /* main.m */; };
		1ED7639E100E49E582BA9892 /* Foundation.framework in Frameworks */ = {isa = PBXBuildFile; fileRef = 6668AB8A755249B2B46FFF16 /* Foundation.framework */; };
		201B3F3D93024B2A9EE91ECD /* PSPDFThreadSafeMutableDictionary.m in Sources */ = {isa = PBXBuildFile; fileRef = A7118D3910854948BD484900 /* PSPDFThreadSafeMutableDictionary.m */; settings = {COMPILER_FLAGS = "-w"; }; };
		218450D7D3E948E8B42DF1D3 /* libCardIO.a in Frameworks */ = {isa = PBXBuildFile; fileRef = 0190967CE56541FCB243E3B3 /* libCardIO.a */; };
		2A56D9324CE8458D979958AC /* NativeGeocoder.swift in Sources */ = {isa = PBXBuildFile; fileRef = 17B1B120382D47E1B69610EB /* NativeGeocoder.swift */; };
		2D4EF934939845D5AE6015E2 /* CDVIonicKeyboard.m in Sources */ = {isa = PBXBuildFile; fileRef = 9B51614D4ECE4E569F8559DD /* CDVIonicKeyboard.m */; };
		2FE31F3F930646A2AEE9DCB0 /* CoreMedia.framework in Frameworks */ = {isa = PBXBuildFile; fileRef = 2D04DA1B18174C08AA439169 /* CoreMedia.framework */; };
		301BF552109A68D80062928A /* libCordova.a in Frameworks */ = {isa = PBXBuildFile; fileRef = 301BF535109A57CC0062928A /* libCordova.a */; };
		302D95F114D2391D003F00A1 /* MainViewController.m in Sources */ = {isa = PBXBuildFile; fileRef = 302D95EF14D2391D003F00A1 /* MainViewController.m */; };
		302D95F214D2391D003F00A1 /* MainViewController.xib in Resources */ = {isa = PBXBuildFile; fileRef = 302D95F014D2391D003F00A1 /* MainViewController.xib */; };
		309D1346D0C84CF6AEE9F0F7 /* WebKit.framework in Frameworks */ = {isa = PBXBuildFile; fileRef = 2DC3FFDC17DE4D93B47A1307 /* WebKit.framework */; settings = {ATTRIBUTES = (Weak, ); }; };
		511A342D3F984CFE8FAE177B /* OpenGLES.framework in Frameworks */ = {isa = PBXBuildFile; fileRef = 477BF1BAF6E94511A4007CAD /* OpenGLES.framework */; };
		54BB2B8D887541DC8F6CC8B2 /* GCDWebServerRequest.m in Sources */ = {isa = PBXBuildFile; fileRef = E3ECD7D6E4BC4DB3B916FB36 /* GCDWebServerRequest.m */; };
		58D5161665AB4BB8992293E7 /* SQLitePlugin.m in Sources */ = {isa = PBXBuildFile; fileRef = FD4BAE2642E243D9BAED44A8 /* SQLitePlugin.m */; };
		5C03972444574EABAF98A243 /* CDVViewController+SplashScreen.m in Sources */ = {isa = PBXBuildFile; fileRef = 915124AE35B144A683E1BDE2 /* CDVViewController+SplashScreen.m */; };
		5FAC7467C83F446F974CAC8D /* UIKit.framework in Frameworks */ = {isa = PBXBuildFile; fileRef = 8D3C64418A17476D8B71721F /* UIKit.framework */; };
		613742F610EC4164B20CD4DC /* SafariServices.framework in Frameworks */ = {isa = PBXBuildFile; fileRef = 97ED5DAEB97B4B7D8DD751B8 /* SafariServices.framework */; };
		6A196490D0744B78A4795840 /* CoreLocation.framework in Frameworks */ = {isa = PBXBuildFile; fileRef = 7D279D4CA7984F738F187AC4 /* CoreLocation.framework */; settings = {ATTRIBUTES = (Weak, ); }; };
		6AFF5BF91D6E424B00AB3073 /* CDVLaunchScreen.storyboard in Resources */ = {isa = PBXBuildFile; fileRef = 6AFF5BF81D6E424B00AB3073 /* CDVLaunchScreen.storyboard */; };
		6B9FB52EF7194643937F9122 /* CDVWKProcessPoolFactory.m in Sources */ = {isa = PBXBuildFile; fileRef = 9DFA546DFC524633ACA34D37 /* CDVWKProcessPoolFactory.m */; };
		6CA2CE29ABD2443F883CDA9C /* libopencv_imgproc.a in Frameworks */ = {isa = PBXBuildFile; fileRef = 3DBE9E1DA783489F830551E4 /* libopencv_imgproc.a */; };
		6DCD0F5BEEFC42DABBCEE243 /* GCDWebServerFunctions.m in Sources */ = {isa = PBXBuildFile; fileRef = 835CE3501898459B99BD2291 /* GCDWebServerFunctions.m */; };
		6EB8BC0CED2E47BBBD473AF2 /* CDVWKWebViewUIDelegate.m in Sources */ = {isa = PBXBuildFile; fileRef = F6953F0816134D40B587AEE5 /* CDVWKWebViewUIDelegate.m */; };
		6F2410B8EC704120AA50FAC4 /* GCDWebServerFileRequest.m in Sources */ = {isa = PBXBuildFile; fileRef = 0DA7D57FC730476EBD419A4B /* GCDWebServerFileRequest.m */; };
		6FB123E41EE3410DA573EE19 /* libPayPalMobile.a in Frameworks */ = {isa = PBXBuildFile; fileRef = 6B44A0997BF348539FD5BE47 /* libPayPalMobile.a */; };
		762D80FDC6CB42D5BDB3D41A /* GCDWebServerMultiPartFormRequest.m in Sources */ = {isa = PBXBuildFile; fileRef = A44FAA2959AC4916B593A1C5 /* GCDWebServerMultiPartFormRequest.m */; };
		770714F5F60F42CF819F1611 /* CFNetwork.framework in Frameworks */ = {isa = PBXBuildFile; fileRef = 19484F70AC8F4D1A9584394F /* CFNetwork.framework */; };
		7FB940A86284404AB9CCB71D /* GCDWebServerResponse.m in Sources */ = {isa = PBXBuildFile; fileRef = B5ED93841C214C75AAD2C16E /* GCDWebServerResponse.m */; };
		80D55994ACA24B02ACE2DFB9 /* GCDWebServerStreamedResponse.m in Sources */ = {isa = PBXBuildFile; fileRef = 889517E8279A4CC7BF29EC0D /* GCDWebServerStreamedResponse.m */; };
		862AC35BB99543DB9008E317 /* CardIOCordovaPlugin.m in Sources */ = {isa = PBXBuildFile; fileRef = 8526D76B4B4A4FD98931462B /* CardIOCordovaPlugin.m */; };
		8697B3308C6740D1A95D3D48 /* QuartzCore.framework in Frameworks */ = {isa = PBXBuildFile; fileRef = CD60DF3BC59E4FAAB4B0CB8B /* QuartzCore.framework */; };
		8A282FCB690345F68CDA3884 /* AVFoundation.framework in Frameworks */ = {isa = PBXBuildFile; fileRef = 94656C3ACBA340E7B52D7179 /* AVFoundation.framework */; };
		8A7DC6F5024A418F9CCF005F /* GCDWebServerErrorResponse.m in Sources */ = {isa = PBXBuildFile; fileRef = 7BC3D2DE64D745D299D0490F /* GCDWebServerErrorResponse.m */; };
		8B4CCDB696BE4A13A44F2A13 /* MessageUI.framework in Frameworks */ = {isa = PBXBuildFile; fileRef = 39167471D3EB46BB87E4F739 /* MessageUI.framework */; };
		960D8FF59FE6471984C1512B /* SystemConfiguration.framework in Frameworks */ = {isa = PBXBuildFile; fileRef = 9393DCBD60AF4619B9105BBD /* SystemConfiguration.framework */; };
		982F007B98A64EEAAE5B219D /* PayPalMobileCordovaPlugin.m in Sources */ = {isa = PBXBuildFile; fileRef = A584D5F11875494F8A38E675 /* PayPalMobileCordovaPlugin.m */; };
		A4AC142C971F42A29CE509AB /* CoreVideo.framework in Frameworks */ = {isa = PBXBuildFile; fileRef = 1CD65647212A4B828BFAC531 /* CoreVideo.framework */; };
		A595313BE02B4E2AB4E33B1D /* GCDWebServerDataRequest.m in Sources */ = {isa = PBXBuildFile; fileRef = F4220E5241764F0699691B64 /* GCDWebServerDataRequest.m */; };
		AF200F76B49A4287B2B44E68 /* GCDWebServerConnection.m in Sources */ = {isa = PBXBuildFile; fileRef = 6D3ABEB2CDB242D5902B45A5 /* GCDWebServerConnection.m */; };
		B1F0EAEF2E07466A8E89F2ED /* CDVSplashScreen.m in Sources */ = {isa = PBXBuildFile; fileRef = 6174B27883A5415BA3739FFB /* CDVSplashScreen.m */; };
		B212CA52DBE040DE961A9560 /* GCDWebServerFileResponse.m in Sources */ = {isa = PBXBuildFile; fileRef = 48C7380483A14DFCB2101776 /* GCDWebServerFileResponse.m */; };
		B4EEE2CDD4DC467E9935712E /* GCDWebServer.m in Sources */ = {isa = PBXBuildFile; fileRef = 2CD0E0BA93CC4FB8B808043E /* GCDWebServer.m */; };
		B692142BC1D94A47B70E708F /* AudioToolbox.framework in Frameworks */ = {isa = PBXBuildFile; fileRef = 83BC9E19249D4F159E958CFC /* AudioToolbox.framework */; };
		B899062C682442839B392867 /* sqlite3.c in Sources */ = {isa = PBXBuildFile; fileRef = 1A5BCE9D7B894B3E870054EF /* sqlite3.c */; settings = {COMPILER_FLAGS = "-w -DSQLITE_THREADSAFE=1 -DSQLITE_DEFAULT_MEMSTATUS=0 -DSQLITE_OMIT_DECLTYPE -DSQLITE_OMIT_DEPRECATED -DSQLITE_OMIT_PROGRESS_CALLBACK -DSQLITE_OMIT_SHARED_CACHE -DSQLITE_TEMP_STORE=2 -DSQLITE_OMIT_LOAD_EXTENSION -DSQLITE_ENABLE_FTS3 -DSQLITE_ENABLE_FTS3_PARENTHESIS -DSQLITE_ENABLE_FTS4 -DSQLITE_ENABLE_RTREE -DSQLITE_DEFAULT_PAGE_SIZE=1024 -DSQLITE_DEFAULT_CACHE_SIZE=2000"; }; };
		C235DBF244314825A22CC80B /* Security.framework in Frameworks */ = {isa = PBXBuildFile; fileRef = D65B5E615A5D415EA3ACB963 /* Security.framework */; };
		C9A2242652F84C48A2B31B1D /* GCDWebServerURLEncodedFormRequest.m in Sources */ = {isa = PBXBuildFile; fileRef = 6C857A397A8D4D7DAD82FF6C /* GCDWebServerURLEncodedFormRequest.m */; };
		CB1160867B744978BBE14F8C /* CDVWKWebViewEngine.m in Sources */ = {isa = PBXBuildFile; fileRef = 492C181B5CCB4C5B8B2968CF /* CDVWKWebViewEngine.m */; };
		CBF9C841F5CC4118A223D56A /* libz.tbd in Frameworks */ = {isa = PBXBuildFile; fileRef = 489EB3D07A204EDD8ACF4F62 /* libz.tbd */; };
		DF2CAD756B66409D9DF18034 /* CDVLocation.m in Sources */ = {isa = PBXBuildFile; fileRef = 8FBFA00A44BA431C8D676D5F /* CDVLocation.m */; };
		EDD90C4BF7A346CEAB8FE476 /* CDVDevice.m in Sources */ = {isa = PBXBuildFile; fileRef = A656A83192794707A01931F1 /* CDVDevice.m */; };
		FEE07FE5DDA941A49B83ECAD /* Accelerate.framework in Frameworks */ = {isa = PBXBuildFile; fileRef = DD6EECA134BD498BB4BA2DAF /* Accelerate.framework */; };
/* End PBXBuildFile section */

/* Begin PBXContainerItemProxy section */
		301BF534109A57CC0062928A /* PBXContainerItemProxy */ = {
			isa = PBXContainerItemProxy;
			containerPortal = 301BF52D109A57CC0062928A /* CordovaLib/CordovaLib.xcodeproj */;
			proxyType = 2;
			remoteGlobalIDString = D2AAC07E0554694100DB518D;
			remoteInfo = CordovaLib;
		};
		301BF550109A68C00062928A /* PBXContainerItemProxy */ = {
			isa = PBXContainerItemProxy;
			containerPortal = 301BF52D109A57CC0062928A /* CordovaLib/CordovaLib.xcodeproj */;
			proxyType = 1;
			remoteGlobalIDString = D2AAC07D0554694100DB518D;
			remoteInfo = CordovaLib;
		};
		AB749BA020697B38003E420D /* PBXContainerItemProxy */ = {
			isa = PBXContainerItemProxy;
			containerPortal = 301BF52D109A57CC0062928A /* CordovaLib/CordovaLib.xcodeproj */;
			proxyType = 2;
			remoteGlobalIDString = C0C01EB21E3911D50056E6CB;
			remoteInfo = Cordova;
		};
/* End PBXContainerItemProxy section */

/* Begin PBXFileReference section */
		0190967CE56541FCB243E3B3 /* libCardIO.a */ = {isa = PBXFileReference; explicitFileType = undefined; fileEncoding = 9; includeInIndex = 0; lastKnownFileType = archive.ar; name = libCardIO.a; path = Ceez/Plugins/card.io.cordova.mobilesdk/libCardIO.a; sourceTree = "<group>"; };
		01DD08EFCFD44E2F91395FC5 /* CardIOViewDelegate.h */ = {isa = PBXFileReference; explicitFileType = undefined; fileEncoding = 4; includeInIndex = 0; lastKnownFileType = sourcecode.c.h; name = CardIOViewDelegate.h; path = card.io.cordova.mobilesdk/CardIOViewDelegate.h; sourceTree = "<group>"; };
		0207DA571B56EA530066E2B4 /* Images.xcassets */ = {isa = PBXFileReference; lastKnownFileType = folder.assetcatalog; name = Images.xcassets; path = Ceez/Images.xcassets; sourceTree = SOURCE_ROOT; };
		06BB670C25AF4D339F44587D /* GCDWebServerFunctions.h */ = {isa = PBXFileReference; explicitFileType = undefined; fileEncoding = 4; includeInIndex = 0; lastKnownFileType = sourcecode.c.h; name = GCDWebServerFunctions.h; path = "cordova-plugin-ionic-webview/GCDWebServerFunctions.h"; sourceTree = "<group>"; };
		0DA7D57FC730476EBD419A4B /* GCDWebServerFileRequest.m */ = {isa = PBXFileReference; explicitFileType = undefined; fileEncoding = 4; includeInIndex = 0; lastKnownFileType = sourcecode.c.objc; name = GCDWebServerFileRequest.m; path = "cordova-plugin-ionic-webview/GCDWebServerFileRequest.m"; sourceTree = "<group>"; };
		17B1B120382D47E1B69610EB /* NativeGeocoder.swift */ = {isa = PBXFileReference; explicitFileType = undefined; fileEncoding = 4; includeInIndex = 0; lastKnownFileType = sourcecode.swift; name = NativeGeocoder.swift; path = "cordova-plugin-nativegeocoder/NativeGeocoder.swift"; sourceTree = "<group>"; };
		19484F70AC8F4D1A9584394F /* CFNetwork.framework */ = {isa = PBXFileReference; explicitFileType = undefined; fileEncoding = 9; includeInIndex = 0; lastKnownFileType = wrapper.framework; name = CFNetwork.framework; path = System/Library/Frameworks/CFNetwork.framework; sourceTree = SDKROOT; };
		1A5BCE9D7B894B3E870054EF /* sqlite3.c */ = {isa = PBXFileReference; explicitFileType = undefined; fileEncoding = 9; includeInIndex = 0; lastKnownFileType = unknown; name = sqlite3.c; path = "cordova-sqlite-storage/sqlite3.c"; sourceTree = "<group>"; };
		1CD65647212A4B828BFAC531 /* CoreVideo.framework */ = {isa = PBXFileReference; explicitFileType = undefined; fileEncoding = 9; includeInIndex = 0; lastKnownFileType = wrapper.framework; name = CoreVideo.framework; path = System/Library/Frameworks/CoreVideo.framework; sourceTree = SDKROOT; };
		1D3623240D0F684500981E51 /* AppDelegate.h */ = {isa = PBXFileReference; fileEncoding = 4; lastKnownFileType = sourcecode.c.h; path = AppDelegate.h; sourceTree = "<group>"; };
		1D3623250D0F684500981E51 /* AppDelegate.m */ = {isa = PBXFileReference; fileEncoding = 4; lastKnownFileType = sourcecode.c.objc; path = AppDelegate.m; sourceTree = "<group>"; };
		1D6058910D05DD3D006BFB54 /* Ceez.app */ = {isa = PBXFileReference; explicitFileType = wrapper.application; includeInIndex = 0; path = Ceez.app; sourceTree = BUILT_PRODUCTS_DIR; };
		2572A90E296A453580A9A010 /* GCDWebServerConnection.h */ = {isa = PBXFileReference; explicitFileType = undefined; fileEncoding = 4; includeInIndex = 0; lastKnownFileType = sourcecode.c.h; name = GCDWebServerConnection.h; path = "cordova-plugin-ionic-webview/GCDWebServerConnection.h"; sourceTree = "<group>"; };
		26541855282F4434853FB7B9 /* GCDWebServerRequest.h */ = {isa = PBXFileReference; explicitFileType = undefined; fileEncoding = 4; includeInIndex = 0; lastKnownFileType = sourcecode.c.h; name = GCDWebServerRequest.h; path = "cordova-plugin-ionic-webview/GCDWebServerRequest.h"; sourceTree = "<group>"; };
		29B97316FDCFA39411CA2CEA /* main.m */ = {isa = PBXFileReference; fileEncoding = 4; lastKnownFileType = sourcecode.c.objc; path = main.m; sourceTree = "<group>"; };
		2CD0E0BA93CC4FB8B808043E /* GCDWebServer.m */ = {isa = PBXFileReference; explicitFileType = undefined; fileEncoding = 4; includeInIndex = 0; lastKnownFileType = sourcecode.c.objc; name = GCDWebServer.m; path = "cordova-plugin-ionic-webview/GCDWebServer.m"; sourceTree = "<group>"; };
		2D04DA1B18174C08AA439169 /* CoreMedia.framework */ = {isa = PBXFileReference; explicitFileType = undefined; fileEncoding = 9; includeInIndex = 0; lastKnownFileType = wrapper.framework; name = CoreMedia.framework; path = System/Library/Frameworks/CoreMedia.framework; sourceTree = SDKROOT; };
		2DC3FFDC17DE4D93B47A1307 /* WebKit.framework */ = {isa = PBXFileReference; explicitFileType = undefined; fileEncoding = 9; includeInIndex = 0; lastKnownFileType = wrapper.framework; name = WebKit.framework; path = System/Library/Frameworks/WebKit.framework; sourceTree = SDKROOT; };
		301BF52D109A57CC0062928A /* CordovaLib/CordovaLib.xcodeproj */ = {isa = PBXFileReference; lastKnownFileType = "wrapper.pb-project"; path = CordovaLib/CordovaLib.xcodeproj; sourceTree = "<group>"; };
		301BF56E109A69640062928A /* www */ = {isa = PBXFileReference; lastKnownFileType = folder; path = www; sourceTree = SOURCE_ROOT; };
		302D95EE14D2391D003F00A1 /* MainViewController.h */ = {isa = PBXFileReference; fileEncoding = 4; lastKnownFileType = sourcecode.c.h; path = MainViewController.h; sourceTree = "<group>"; };
		302D95EF14D2391D003F00A1 /* MainViewController.m */ = {isa = PBXFileReference; fileEncoding = 4; lastKnownFileType = sourcecode.c.objc; path = MainViewController.m; sourceTree = "<group>"; };
		302D95F014D2391D003F00A1 /* MainViewController.xib */ = {isa = PBXFileReference; fileEncoding = 4; lastKnownFileType = file.xib; path = MainViewController.xib; sourceTree = "<group>"; };
		3047A50F1AB8059700498E2A /* build-debug.xcconfig */ = {isa = PBXFileReference; fileEncoding = 4; lastKnownFileType = text.xcconfig; name = "build-debug.xcconfig"; path = "cordova/build-debug.xcconfig"; sourceTree = SOURCE_ROOT; };
		3047A5101AB8059700498E2A /* build-release.xcconfig */ = {isa = PBXFileReference; fileEncoding = 4; lastKnownFileType = text.xcconfig; name = "build-release.xcconfig"; path = "cordova/build-release.xcconfig"; sourceTree = SOURCE_ROOT; };
		3047A5111AB8059700498E2A /* build.xcconfig */ = {isa = PBXFileReference; fileEncoding = 4; lastKnownFileType = text.xcconfig; name = build.xcconfig; path = cordova/build.xcconfig; sourceTree = SOURCE_ROOT; };
		32CA4F630368D1EE00C91783 /* Ceez-Prefix.pch */ = {isa = PBXFileReference; fileEncoding = 4; lastKnownFileType = sourcecode.c.h; path = "Ceez-Prefix.pch"; sourceTree = "<group>"; };
		3645D410FAE6482EBF182FB3 /* CardIO.h */ = {isa = PBXFileReference; explicitFileType = undefined; fileEncoding = 4; includeInIndex = 0; lastKnownFileType = sourcecode.c.h; name = CardIO.h; path = card.io.cordova.mobilesdk/CardIO.h; sourceTree = "<group>"; };
		39167471D3EB46BB87E4F739 /* MessageUI.framework */ = {isa = PBXFileReference; explicitFileType = undefined; fileEncoding = 9; includeInIndex = 0; lastKnownFileType = wrapper.framework; name = MessageUI.framework; path = System/Library/Frameworks/MessageUI.framework; sourceTree = SDKROOT; };
		3958D3193D074E47BE2D5E54 /* GCDWebServerFileRequest.h */ = {isa = PBXFileReference; explicitFileType = undefined; fileEncoding = 4; includeInIndex = 0; lastKnownFileType = sourcecode.c.h; name = GCDWebServerFileRequest.h; path = "cordova-plugin-ionic-webview/GCDWebServerFileRequest.h"; sourceTree = "<group>"; };
		3C4000A70F84461987F6DCE4 /* PayPalOAuthScopes.h */ = {isa = PBXFileReference; explicitFileType = undefined; fileEncoding = 4; includeInIndex = 0; lastKnownFileType = sourcecode.c.h; name = PayPalOAuthScopes.h; path = com.paypal.cordova.mobilesdk/PayPalOAuthScopes.h; sourceTree = "<group>"; };
		3DBE9E1DA783489F830551E4 /* libopencv_imgproc.a */ = {isa = PBXFileReference; explicitFileType = undefined; fileEncoding = 9; includeInIndex = 0; lastKnownFileType = archive.ar; name = libopencv_imgproc.a; path = Ceez/Plugins/card.io.cordova.mobilesdk/libopencv_imgproc.a; sourceTree = "<group>"; };
		41269C572C39462EB5752A73 /* CDVWKWebViewEngine.h */ = {isa = PBXFileReference; explicitFileType = undefined; fileEncoding = 4; includeInIndex = 0; lastKnownFileType = sourcecode.c.h; name = CDVWKWebViewEngine.h; path = "cordova-plugin-ionic-webview/CDVWKWebViewEngine.h"; sourceTree = "<group>"; };
		45DA05AFD30247589955303F /* CDVWKProcessPoolFactory.h */ = {isa = PBXFileReference; explicitFileType = undefined; fileEncoding = 4; includeInIndex = 0; lastKnownFileType = sourcecode.c.h; name = CDVWKProcessPoolFactory.h; path = "cordova-plugin-ionic-webview/CDVWKProcessPoolFactory.h"; sourceTree = "<group>"; };
		477BF1BAF6E94511A4007CAD /* OpenGLES.framework */ = {isa = PBXFileReference; explicitFileType = undefined; fileEncoding = 9; includeInIndex = 0; lastKnownFileType = wrapper.framework; name = OpenGLES.framework; path = System/Library/Frameworks/OpenGLES.framework; sourceTree = SDKROOT; };
		489EB3D07A204EDD8ACF4F62 /* libz.tbd */ = {isa = PBXFileReference; explicitFileType = undefined; fileEncoding = 9; includeInIndex = 0; lastKnownFileType = "sourcecode.text-based-dylib-definition"; name = libz.tbd; path = usr/lib/libz.tbd; sourceTree = SDKROOT; };
		48C7380483A14DFCB2101776 /* GCDWebServerFileResponse.m */ = {isa = PBXFileReference; explicitFileType = undefined; fileEncoding = 4; includeInIndex = 0; lastKnownFileType = sourcecode.c.objc; name = GCDWebServerFileResponse.m; path = "cordova-plugin-ionic-webview/GCDWebServerFileResponse.m"; sourceTree = "<group>"; };
		48E136939573482495180E24 /* CDVDevice.h */ = {isa = PBXFileReference; explicitFileType = undefined; fileEncoding = 4; includeInIndex = 0; lastKnownFileType = sourcecode.c.h; name = CDVDevice.h; path = "cordova-plugin-device/CDVDevice.h"; sourceTree = "<group>"; };
		492C181B5CCB4C5B8B2968CF /* CDVWKWebViewEngine.m */ = {isa = PBXFileReference; explicitFileType = undefined; fileEncoding = 4; includeInIndex = 0; lastKnownFileType = sourcecode.c.objc; name = CDVWKWebViewEngine.m; path = "cordova-plugin-ionic-webview/CDVWKWebViewEngine.m"; sourceTree = "<group>"; };
		5129A3EA649E4565A985405A /* PayPalMobileCordovaPlugin.h */ = {isa = PBXFileReference; explicitFileType = undefined; fileEncoding = 4; includeInIndex = 0; lastKnownFileType = sourcecode.c.h; name = PayPalMobileCordovaPlugin.h; path = com.paypal.cordova.mobilesdk/PayPalMobileCordovaPlugin.h; sourceTree = "<group>"; };
		539F426EF58E4FB38CC449E0 /* PayPalMobile.h */ = {isa = PBXFileReference; explicitFileType = undefined; fileEncoding = 4; includeInIndex = 0; lastKnownFileType = sourcecode.c.h; name = PayPalMobile.h; path = com.paypal.cordova.mobilesdk/PayPalMobile.h; sourceTree = "<group>"; };
		5D0E65A6F71A46A0B30A811F /* GCDWebServerPrivate.h */ = {isa = PBXFileReference; explicitFileType = undefined; fileEncoding = 4; includeInIndex = 0; lastKnownFileType = sourcecode.c.h; name = GCDWebServerPrivate.h; path = "cordova-plugin-ionic-webview/GCDWebServerPrivate.h"; sourceTree = "<group>"; };
		5F0A8D955F294E58B589829A /* CDVIonicKeyboard.h */ = {isa = PBXFileReference; explicitFileType = undefined; fileEncoding = 4; includeInIndex = 0; lastKnownFileType = sourcecode.c.h; name = CDVIonicKeyboard.h; path = "cordova-plugin-ionic-keyboard/CDVIonicKeyboard.h"; sourceTree = "<group>"; };
		5F255FED1A9546D98E70D31F /* GCDWebServerURLEncodedFormRequest.h */ = {isa = PBXFileReference; explicitFileType = undefined; fileEncoding = 4; includeInIndex = 0; lastKnownFileType = sourcecode.c.h; name = GCDWebServerURLEncodedFormRequest.h; path = "cordova-plugin-ionic-webview/GCDWebServerURLEncodedFormRequest.h"; sourceTree = "<group>"; };
		6174B27883A5415BA3739FFB /* CDVSplashScreen.m */ = {isa = PBXFileReference; explicitFileType = undefined; fileEncoding = 4; includeInIndex = 0; lastKnownFileType = sourcecode.c.objc; name = CDVSplashScreen.m; path = "cordova-plugin-splashscreen/CDVSplashScreen.m"; sourceTree = "<group>"; };
		618EA6F1898948DB9C8B1FC0 /* sqlite3.h */ = {isa = PBXFileReference; explicitFileType = undefined; fileEncoding = 4; includeInIndex = 0; lastKnownFileType = sourcecode.c.h; name = sqlite3.h; path = "cordova-sqlite-storage/sqlite3.h"; sourceTree = "<group>"; };
		6668AB8A755249B2B46FFF16 /* Foundation.framework */ = {isa = PBXFileReference; explicitFileType = undefined; fileEncoding = 9; includeInIndex = 0; lastKnownFileType = wrapper.framework; name = Foundation.framework; path = System/Library/Frameworks/Foundation.framework; sourceTree = SDKROOT; };
		669CE5E097A24F8D9338D4DC /* PayPalPayment.h */ = {isa = PBXFileReference; explicitFileType = undefined; fileEncoding = 4; includeInIndex = 0; lastKnownFileType = sourcecode.c.h; name = PayPalPayment.h; path = com.paypal.cordova.mobilesdk/PayPalPayment.h; sourceTree = "<group>"; };
		69BEBC35561140A7ADA7E02B /* GCDWebServerErrorResponse.h */ = {isa = PBXFileReference; explicitFileType = undefined; fileEncoding = 4; includeInIndex = 0; lastKnownFileType = sourcecode.c.h; name = GCDWebServerErrorResponse.h; path = "cordova-plugin-ionic-webview/GCDWebServerErrorResponse.h"; sourceTree = "<group>"; };
		6AFF5BF81D6E424B00AB3073 /* CDVLaunchScreen.storyboard */ = {isa = PBXFileReference; fileEncoding = 4; lastKnownFileType = file.storyboard; name = CDVLaunchScreen.storyboard; path = Ceez/CDVLaunchScreen.storyboard; sourceTree = SOURCE_ROOT; };
		6B44A0997BF348539FD5BE47 /* libPayPalMobile.a */ = {isa = PBXFileReference; explicitFileType = undefined; fileEncoding = 9; includeInIndex = 0; lastKnownFileType = archive.ar; name = libPayPalMobile.a; path = Ceez/Plugins/com.paypal.cordova.mobilesdk/libPayPalMobile.a; sourceTree = "<group>"; };
		6C857A397A8D4D7DAD82FF6C /* GCDWebServerURLEncodedFormRequest.m */ = {isa = PBXFileReference; explicitFileType = undefined; fileEncoding = 4; includeInIndex = 0; lastKnownFileType = sourcecode.c.objc; name = GCDWebServerURLEncodedFormRequest.m; path = "cordova-plugin-ionic-webview/GCDWebServerURLEncodedFormRequest.m"; sourceTree = "<group>"; };
		6D3ABEB2CDB242D5902B45A5 /* GCDWebServerConnection.m */ = {isa = PBXFileReference; explicitFileType = undefined; fileEncoding = 4; includeInIndex = 0; lastKnownFileType = sourcecode.c.objc; name = GCDWebServerConnection.m; path = "cordova-plugin-ionic-webview/GCDWebServerConnection.m"; sourceTree = "<group>"; };
		6E2D28D543024FBBA8B28214 /* GCDWebServerStreamedResponse.h */ = {isa = PBXFileReference; explicitFileType = undefined; fileEncoding = 4; includeInIndex = 0; lastKnownFileType = sourcecode.c.h; name = GCDWebServerStreamedResponse.h; path = "cordova-plugin-ionic-webview/GCDWebServerStreamedResponse.h"; sourceTree = "<group>"; };
		71455DF5669642DA93ED163B /* CDVLocation.h */ = {isa = PBXFileReference; explicitFileType = undefined; fileEncoding = 4; includeInIndex = 0; lastKnownFileType = sourcecode.c.h; name = CDVLocation.h; path = "cordova-plugin-geolocation/CDVLocation.h"; sourceTree = "<group>"; };
		73D8131C2392409FA52E8BAF /* CardIOCordovaPlugin.h */ = {isa = PBXFileReference; explicitFileType = undefined; fileEncoding = 4; includeInIndex = 0; lastKnownFileType = sourcecode.c.h; name = CardIOCordovaPlugin.h; path = card.io.cordova.mobilesdk/CardIOCordovaPlugin.h; sourceTree = "<group>"; };
		7A587BE9B41C4D1BB097CDD6 /* CardIOPaymentViewControllerDelegate.h */ = {isa = PBXFileReference; explicitFileType = undefined; fileEncoding = 4; includeInIndex = 0; lastKnownFileType = sourcecode.c.h; name = CardIOPaymentViewControllerDelegate.h; path = card.io.cordova.mobilesdk/CardIOPaymentViewControllerDelegate.h; sourceTree = "<group>"; };
		7BC3D2DE64D745D299D0490F /* GCDWebServerErrorResponse.m */ = {isa = PBXFileReference; explicitFileType = undefined; fileEncoding = 4; includeInIndex = 0; lastKnownFileType = sourcecode.c.objc; name = GCDWebServerErrorResponse.m; path = "cordova-plugin-ionic-webview/GCDWebServerErrorResponse.m"; sourceTree = "<group>"; };
		7D279D4CA7984F738F187AC4 /* CoreLocation.framework */ = {isa = PBXFileReference; explicitFileType = undefined; fileEncoding = 9; includeInIndex = 0; lastKnownFileType = wrapper.framework; name = CoreLocation.framework; path = System/Library/Frameworks/CoreLocation.framework; sourceTree = SDKROOT; };
		82296D86E77D41608A3F9AA1 /* GCDWebServerDataResponse.h */ = {isa = PBXFileReference; explicitFileType = undefined; fileEncoding = 4; includeInIndex = 0; lastKnownFileType = sourcecode.c.h; name = GCDWebServerDataResponse.h; path = "cordova-plugin-ionic-webview/GCDWebServerDataResponse.h"; sourceTree = "<group>"; };
		835CE3501898459B99BD2291 /* GCDWebServerFunctions.m */ = {isa = PBXFileReference; explicitFileType = undefined; fileEncoding = 4; includeInIndex = 0; lastKnownFileType = sourcecode.c.objc; name = GCDWebServerFunctions.m; path = "cordova-plugin-ionic-webview/GCDWebServerFunctions.m"; sourceTree = "<group>"; };
		8377CE25268C4EA985D7E8BB /* CDVSplashScreen.h */ = {isa = PBXFileReference; explicitFileType = undefined; fileEncoding = 4; includeInIndex = 0; lastKnownFileType = sourcecode.c.h; name = CDVSplashScreen.h; path = "cordova-plugin-splashscreen/CDVSplashScreen.h"; sourceTree = "<group>"; };
		83BC9E19249D4F159E958CFC /* AudioToolbox.framework */ = {isa = PBXFileReference; explicitFileType = undefined; fileEncoding = 9; includeInIndex = 0; lastKnownFileType = wrapper.framework; name = AudioToolbox.framework; path = System/Library/Frameworks/AudioToolbox.framework; sourceTree = SDKROOT; };
		840CB242D84C4BA1BB70BDEA /* CardIOView.h */ = {isa = PBXFileReference; explicitFileType = undefined; fileEncoding = 4; includeInIndex = 0; lastKnownFileType = sourcecode.c.h; name = CardIOView.h; path = card.io.cordova.mobilesdk/CardIOView.h; sourceTree = "<group>"; };
		8436E616E24F4BDAA85B9B66 /* CardIOPaymentViewController.h */ = {isa = PBXFileReference; explicitFileType = undefined; fileEncoding = 4; includeInIndex = 0; lastKnownFileType = sourcecode.c.h; name = CardIOPaymentViewController.h; path = card.io.cordova.mobilesdk/CardIOPaymentViewController.h; sourceTree = "<group>"; };
		8526D76B4B4A4FD98931462B /* CardIOCordovaPlugin.m */ = {isa = PBXFileReference; explicitFileType = undefined; fileEncoding = 4; includeInIndex = 0; lastKnownFileType = sourcecode.c.objc; name = CardIOCordovaPlugin.m; path = card.io.cordova.mobilesdk/CardIOCordovaPlugin.m; sourceTree = "<group>"; };
		889517E8279A4CC7BF29EC0D /* GCDWebServerStreamedResponse.m */ = {isa = PBXFileReference; explicitFileType = undefined; fileEncoding = 4; includeInIndex = 0; lastKnownFileType = sourcecode.c.objc; name = GCDWebServerStreamedResponse.m; path = "cordova-plugin-ionic-webview/GCDWebServerStreamedResponse.m"; sourceTree = "<group>"; };
		8ACFD2ACBDE2442BA7620069 /* CardIODetectionMode.h */ = {isa = PBXFileReference; explicitFileType = undefined; fileEncoding = 4; includeInIndex = 0; lastKnownFileType = sourcecode.c.h; name = CardIODetectionMode.h; path = card.io.cordova.mobilesdk/CardIODetectionMode.h; sourceTree = "<group>"; };
		8C9C92AF5C5F48A19E52D080 /* CardIOUtilities.h */ = {isa = PBXFileReference; explicitFileType = undefined; fileEncoding = 4; includeInIndex = 0; lastKnownFileType = sourcecode.c.h; name = CardIOUtilities.h; path = card.io.cordova.mobilesdk/CardIOUtilities.h; sourceTree = "<group>"; };
		8D1107310486CEB800E47090 /* Ceez-Info.plist */ = {isa = PBXFileReference; fileEncoding = 4; lastKnownFileType = text.plist.xml; name = "Ceez-Info.plist"; path = "Ceez/Ceez-Info.plist"; plistStructureDefinitionIdentifier = "com.apple.xcode.plist.structure-definition.iphone.info-plist"; sourceTree = SOURCE_ROOT; };
		8D338FAC03CE4FD199EF158F /* SQLitePlugin.h */ = {isa = PBXFileReference; explicitFileType = undefined; fileEncoding = 4; includeInIndex = 0; lastKnownFileType = sourcecode.c.h; name = SQLitePlugin.h; path = "cordova-sqlite-storage/SQLitePlugin.h"; sourceTree = "<group>"; };
		8D3C64418A17476D8B71721F /* UIKit.framework */ = {isa = PBXFileReference; explicitFileType = undefined; fileEncoding = 9; includeInIndex = 0; lastKnownFileType = wrapper.framework; name = UIKit.framework; path = System/Library/Frameworks/UIKit.framework; sourceTree = SDKROOT; };
		8FBFA00A44BA431C8D676D5F /* CDVLocation.m */ = {isa = PBXFileReference; explicitFileType = undefined; fileEncoding = 4; includeInIndex = 0; lastKnownFileType = sourcecode.c.objc; name = CDVLocation.m; path = "cordova-plugin-geolocation/CDVLocation.m"; sourceTree = "<group>"; };
		9016CF1E78694DE28F7911D6 /* CardIOCreditCardInfo.h */ = {isa = PBXFileReference; explicitFileType = undefined; fileEncoding = 4; includeInIndex = 0; lastKnownFileType = sourcecode.c.h; name = CardIOCreditCardInfo.h; path = card.io.cordova.mobilesdk/CardIOCreditCardInfo.h; sourceTree = "<group>"; };
		915124AE35B144A683E1BDE2 /* CDVViewController+SplashScreen.m */ = {isa = PBXFileReference; explicitFileType = undefined; fileEncoding = 4; includeInIndex = 0; lastKnownFileType = sourcecode.c.objc; name = "CDVViewController+SplashScreen.m"; path = "cordova-plugin-splashscreen/CDVViewController+SplashScreen.m"; sourceTree = "<group>"; };
		918674A158FD4A38BC70A65B /* GCDWebServer.h */ = {isa = PBXFileReference; explicitFileType = undefined; fileEncoding = 4; includeInIndex = 0; lastKnownFileType = sourcecode.c.h; name = GCDWebServer.h; path = "cordova-plugin-ionic-webview/GCDWebServer.h"; sourceTree = "<group>"; };
		91BC13EE29EC40E489BD6AB8 /* PayPalFuturePaymentViewController.h */ = {isa = PBXFileReference; explicitFileType = undefined; fileEncoding = 4; includeInIndex = 0; lastKnownFileType = sourcecode.c.h; name = PayPalFuturePaymentViewController.h; path = com.paypal.cordova.mobilesdk/PayPalFuturePaymentViewController.h; sourceTree = "<group>"; };
		93290FB0C23C41B7965A3989 /* PayPalProfileSharingViewController.h */ = {isa = PBXFileReference; explicitFileType = undefined; fileEncoding = 4; includeInIndex = 0; lastKnownFileType = sourcecode.c.h; name = PayPalProfileSharingViewController.h; path = com.paypal.cordova.mobilesdk/PayPalProfileSharingViewController.h; sourceTree = "<group>"; };
		9393DCBD60AF4619B9105BBD /* SystemConfiguration.framework */ = {isa = PBXFileReference; explicitFileType = undefined; fileEncoding = 9; includeInIndex = 0; lastKnownFileType = wrapper.framework; name = SystemConfiguration.framework; path = System/Library/Frameworks/SystemConfiguration.framework; sourceTree = SDKROOT; };
		94656C3ACBA340E7B52D7179 /* AVFoundation.framework */ = {isa = PBXFileReference; explicitFileType = undefined; fileEncoding = 9; includeInIndex = 0; lastKnownFileType = wrapper.framework; name = AVFoundation.framework; path = System/Library/Frameworks/AVFoundation.framework; sourceTree = SDKROOT; };
		97ED5DAEB97B4B7D8DD751B8 /* SafariServices.framework */ = {isa = PBXFileReference; explicitFileType = undefined; fileEncoding = 9; includeInIndex = 0; lastKnownFileType = wrapper.framework; name = SafariServices.framework; path = System/Library/Frameworks/SafariServices.framework; sourceTree = SDKROOT; };
		9B51614D4ECE4E569F8559DD /* CDVIonicKeyboard.m */ = {isa = PBXFileReference; explicitFileType = undefined; fileEncoding = 4; includeInIndex = 0; lastKnownFileType = sourcecode.c.objc; name = CDVIonicKeyboard.m; path = "cordova-plugin-ionic-keyboard/CDVIonicKeyboard.m"; sourceTree = "<group>"; };
		9DFA546DFC524633ACA34D37 /* CDVWKProcessPoolFactory.m */ = {isa = PBXFileReference; explicitFileType = undefined; fileEncoding = 4; includeInIndex = 0; lastKnownFileType = sourcecode.c.objc; name = CDVWKProcessPoolFactory.m; path = "cordova-plugin-ionic-webview/CDVWKProcessPoolFactory.m"; sourceTree = "<group>"; };
		9FD267398ECA459D81A4074A /* PSPDFThreadSafeMutableDictionary.h */ = {isa = PBXFileReference; explicitFileType = undefined; fileEncoding = 4; includeInIndex = 0; lastKnownFileType = sourcecode.c.h; name = PSPDFThreadSafeMutableDictionary.h; path = "cordova-sqlite-storage/PSPDFThreadSafeMutableDictionary.h"; sourceTree = "<group>"; };
		A44FAA2959AC4916B593A1C5 /* GCDWebServerMultiPartFormRequest.m */ = {isa = PBXFileReference; explicitFileType = undefined; fileEncoding = 4; includeInIndex = 0; lastKnownFileType = sourcecode.c.objc; name = GCDWebServerMultiPartFormRequest.m; path = "cordova-plugin-ionic-webview/GCDWebServerMultiPartFormRequest.m"; sourceTree = "<group>"; };
		A584D5F11875494F8A38E675 /* PayPalMobileCordovaPlugin.m */ = {isa = PBXFileReference; explicitFileType = undefined; fileEncoding = 4; includeInIndex = 0; lastKnownFileType = sourcecode.c.objc; name = PayPalMobileCordovaPlugin.m; path = com.paypal.cordova.mobilesdk/PayPalMobileCordovaPlugin.m; sourceTree = "<group>"; };
		A656A83192794707A01931F1 /* CDVDevice.m */ = {isa = PBXFileReference; explicitFileType = undefined; fileEncoding = 4; includeInIndex = 0; lastKnownFileType = sourcecode.c.objc; name = CDVDevice.m; path = "cordova-plugin-device/CDVDevice.m"; sourceTree = "<group>"; };
		A7118D3910854948BD484900 /* PSPDFThreadSafeMutableDictionary.m */ = {isa = PBXFileReference; explicitFileType = undefined; fileEncoding = 4; includeInIndex = 0; lastKnownFileType = sourcecode.c.objc; name = PSPDFThreadSafeMutableDictionary.m; path = "cordova-sqlite-storage/PSPDFThreadSafeMutableDictionary.m"; sourceTree = "<group>"; };
		A80D48D879934B94BA574199 /* CDVViewController+SplashScreen.h */ = {isa = PBXFileReference; explicitFileType = undefined; fileEncoding = 4; includeInIndex = 0; lastKnownFileType = sourcecode.c.h; name = "CDVViewController+SplashScreen.h"; path = "cordova-plugin-splashscreen/CDVViewController+SplashScreen.h"; sourceTree = "<group>"; };
		ABCB65B349314E569F77A2F2 /* GCDWebServerDataRequest.h */ = {isa = PBXFileReference; explicitFileType = undefined; fileEncoding = 4; includeInIndex = 0; lastKnownFileType = sourcecode.c.h; name = GCDWebServerDataRequest.h; path = "cordova-plugin-ionic-webview/GCDWebServerDataRequest.h"; sourceTree = "<group>"; };
		AE3CB15B3EDF49E4895C0946 /* libPayPalMobile.a */ = {isa = PBXFileReference; explicitFileType = undefined; fileEncoding = 9; includeInIndex = 0; lastKnownFileType = archive.ar; path = libPayPalMobile.a; sourceTree = "<group>"; };
		B3B17F41371B4A109E7A01D2 /* GCDWebServerDataResponse.m */ = {isa = PBXFileReference; explicitFileType = undefined; fileEncoding = 4; includeInIndex = 0; lastKnownFileType = sourcecode.c.objc; name = GCDWebServerDataResponse.m; path = "cordova-plugin-ionic-webview/GCDWebServerDataResponse.m"; sourceTree = "<group>"; };
		B5ED93841C214C75AAD2C16E /* GCDWebServerResponse.m */ = {isa = PBXFileReference; explicitFileType = undefined; fileEncoding = 4; includeInIndex = 0; lastKnownFileType = sourcecode.c.objc; name = GCDWebServerResponse.m; path = "cordova-plugin-ionic-webview/GCDWebServerResponse.m"; sourceTree = "<group>"; };
		B714D7AA6F3B4612AAC2676A /* NativeGeocoder-Bridging-Header.h */ = {isa = PBXFileReference; explicitFileType = undefined; fileEncoding = 4; includeInIndex = 0; lastKnownFileType = sourcecode.c.h; name = "NativeGeocoder-Bridging-Header.h"; path = "cordova-plugin-nativegeocoder/NativeGeocoder-Bridging-Header.h"; sourceTree = "<group>"; };
		BB82026E2F474FB5A1AFC8E6 /* libopencv_core.a */ = {isa = PBXFileReference; explicitFileType = undefined; fileEncoding = 9; includeInIndex = 0; lastKnownFileType = archive.ar; name = libopencv_core.a; path = Ceez/Plugins/card.io.cordova.mobilesdk/libopencv_core.a; sourceTree = "<group>"; };
		C7431EC0337A449582E61E8A /* libc++.dylib */ = {isa = PBXFileReference; explicitFileType = undefined; fileEncoding = 9; includeInIndex = 0; lastKnownFileType = "compiled.mach-o.dylib"; name = "libc++.dylib"; path = "usr/lib/libc++.dylib"; sourceTree = SDKROOT; };
		CC6D5DFE8C014E96A05B8C49 /* GCDWebServerFileResponse.h */ = {isa = PBXFileReference; explicitFileType = undefined; fileEncoding = 4; includeInIndex = 0; lastKnownFileType = sourcecode.c.h; name = GCDWebServerFileResponse.h; path = "cordova-plugin-ionic-webview/GCDWebServerFileResponse.h"; sourceTree = "<group>"; };
		CD60DF3BC59E4FAAB4B0CB8B /* QuartzCore.framework */ = {isa = PBXFileReference; explicitFileType = undefined; fileEncoding = 9; includeInIndex = 0; lastKnownFileType = wrapper.framework; name = QuartzCore.framework; path = System/Library/Frameworks/QuartzCore.framework; sourceTree = SDKROOT; };
		D65B5E615A5D415EA3ACB963 /* Security.framework */ = {isa = PBXFileReference; explicitFileType = undefined; fileEncoding = 9; includeInIndex = 0; lastKnownFileType = wrapper.framework; name = Security.framework; path = System/Library/Frameworks/Security.framework; sourceTree = SDKROOT; };
		D7CFCF8EEA2541BDBD580688 /* GCDWebServerResponse.h */ = {isa = PBXFileReference; explicitFileType = undefined; fileEncoding = 4; includeInIndex = 0; lastKnownFileType = sourcecode.c.h; name = GCDWebServerResponse.h; path = "cordova-plugin-ionic-webview/GCDWebServerResponse.h"; sourceTree = "<group>"; };
		DD6EECA134BD498BB4BA2DAF /* Accelerate.framework */ = {isa = PBXFileReference; explicitFileType = undefined; fileEncoding = 9; includeInIndex = 0; lastKnownFileType = wrapper.framework; name = Accelerate.framework; path = System/Library/Frameworks/Accelerate.framework; sourceTree = SDKROOT; };
		E3ECD7D6E4BC4DB3B916FB36 /* GCDWebServerRequest.m */ = {isa = PBXFileReference; explicitFileType = undefined; fileEncoding = 4; includeInIndex = 0; lastKnownFileType = sourcecode.c.objc; name = GCDWebServerRequest.m; path = "cordova-plugin-ionic-webview/GCDWebServerRequest.m"; sourceTree = "<group>"; };
		EB87FDF31871DA8E0020F90C /* www */ = {isa = PBXFileReference; lastKnownFileType = folder; name = www; path = ../../www; sourceTree = "<group>"; };
		EB87FDF41871DAF40020F90C /* config.xml */ = {isa = PBXFileReference; lastKnownFileType = text.xml; name = config.xml; path = ../../config.xml; sourceTree = "<group>"; };
		ED33DF2A687741AEAF9F8254 /* Bridging-Header.h */ = {isa = PBXFileReference; fileEncoding = 4; lastKnownFileType = sourcecode.c.h; path = "Bridging-Header.h"; sourceTree = "<group>"; };
		F4220E5241764F0699691B64 /* GCDWebServerDataRequest.m */ = {isa = PBXFileReference; explicitFileType = undefined; fileEncoding = 4; includeInIndex = 0; lastKnownFileType = sourcecode.c.objc; name = GCDWebServerDataRequest.m; path = "cordova-plugin-ionic-webview/GCDWebServerDataRequest.m"; sourceTree = "<group>"; };
		F6851231075947188D51208B /* CDVWKWebViewUIDelegate.h */ = {isa = PBXFileReference; explicitFileType = undefined; fileEncoding = 4; includeInIndex = 0; lastKnownFileType = sourcecode.c.h; name = CDVWKWebViewUIDelegate.h; path = "cordova-plugin-ionic-webview/CDVWKWebViewUIDelegate.h"; sourceTree = "<group>"; };
		F6953F0816134D40B587AEE5 /* CDVWKWebViewUIDelegate.m */ = {isa = PBXFileReference; explicitFileType = undefined; fileEncoding = 4; includeInIndex = 0; lastKnownFileType = sourcecode.c.objc; name = CDVWKWebViewUIDelegate.m; path = "cordova-plugin-ionic-webview/CDVWKWebViewUIDelegate.m"; sourceTree = "<group>"; };
		F6DBA5839E3D488EA27EA555 /* GCDWebServerHTTPStatusCodes.h */ = {isa = PBXFileReference; explicitFileType = undefined; fileEncoding = 4; includeInIndex = 0; lastKnownFileType = sourcecode.c.h; name = GCDWebServerHTTPStatusCodes.h; path = "cordova-plugin-ionic-webview/GCDWebServerHTTPStatusCodes.h"; sourceTree = "<group>"; };
		F840E1F0165FE0F500CFE078 /* config.xml */ = {isa = PBXFileReference; lastKnownFileType = text.xml; name = config.xml; path = Ceez/config.xml; sourceTree = "<group>"; };
		F96ED8B3FAEF41538B3FB9FB /* GCDWebServerMultiPartFormRequest.h */ = {isa = PBXFileReference; explicitFileType = undefined; fileEncoding = 4; includeInIndex = 0; lastKnownFileType = sourcecode.c.h; name = GCDWebServerMultiPartFormRequest.h; path = "cordova-plugin-ionic-webview/GCDWebServerMultiPartFormRequest.h"; sourceTree = "<group>"; };
		F9BFC69DDFA24A8BA5B3D1E0 /* PayPalConfiguration.h */ = {isa = PBXFileReference; explicitFileType = undefined; fileEncoding = 4; includeInIndex = 0; lastKnownFileType = sourcecode.c.h; name = PayPalConfiguration.h; path = com.paypal.cordova.mobilesdk/PayPalConfiguration.h; sourceTree = "<group>"; };
		FB62EF6E521A40A1B30D047D /* PayPalPaymentViewController.h */ = {isa = PBXFileReference; explicitFileType = undefined; fileEncoding = 4; includeInIndex = 0; lastKnownFileType = sourcecode.c.h; name = PayPalPaymentViewController.h; path = com.paypal.cordova.mobilesdk/PayPalPaymentViewController.h; sourceTree = "<group>"; };
		FD4BAE2642E243D9BAED44A8 /* SQLitePlugin.m */ = {isa = PBXFileReference; explicitFileType = undefined; fileEncoding = 4; includeInIndex = 0; lastKnownFileType = sourcecode.c.objc; name = SQLitePlugin.m; path = "cordova-sqlite-storage/SQLitePlugin.m"; sourceTree = "<group>"; };
/* End PBXFileReference section */

/* Begin PBXFrameworksBuildPhase section */
		1D60588F0D05DD3D006BFB54 /* Frameworks */ = {
			isa = PBXFrameworksBuildPhase;
			buildActionMask = 2147483647;
			files = (
				301BF552109A68D80062928A /* libCordova.a in Frameworks */,
				218450D7D3E948E8B42DF1D3 /* libCardIO.a in Frameworks */,
				14D20A9E9DFF4EF69A2FB1ED /* libopencv_core.a in Frameworks */,
				6CA2CE29ABD2443F883CDA9C /* libopencv_imgproc.a in Frameworks */,
				FEE07FE5DDA941A49B83ECAD /* Accelerate.framework in Frameworks */,
				B692142BC1D94A47B70E708F /* AudioToolbox.framework in Frameworks */,
				8A282FCB690345F68CDA3884 /* AVFoundation.framework in Frameworks */,
				2FE31F3F930646A2AEE9DCB0 /* CoreMedia.framework in Frameworks */,
				A4AC142C971F42A29CE509AB /* CoreVideo.framework in Frameworks */,
				1ED7639E100E49E582BA9892 /* Foundation.framework in Frameworks */,
				511A342D3F984CFE8FAE177B /* OpenGLES.framework in Frameworks */,
				8697B3308C6740D1A95D3D48 /* QuartzCore.framework in Frameworks */,
				C235DBF244314825A22CC80B /* Security.framework in Frameworks */,
				5FAC7467C83F446F974CAC8D /* UIKit.framework in Frameworks */,
				14AFDBF2887A42AEA68F1B4D /* libc++.dylib in Frameworks */,
				6FB123E41EE3410DA573EE19 /* libPayPalMobile.a in Frameworks */,
				770714F5F60F42CF819F1611 /* CFNetwork.framework in Frameworks */,
				6A196490D0744B78A4795840 /* CoreLocation.framework in Frameworks */,
				8B4CCDB696BE4A13A44F2A13 /* MessageUI.framework in Frameworks */,
				613742F610EC4164B20CD4DC /* SafariServices.framework in Frameworks */,
				960D8FF59FE6471984C1512B /* SystemConfiguration.framework in Frameworks */,
				0251C31CA3ED4AFBBE4F0587 /* libPayPalMobile.a in Frameworks */,
				CBF9C841F5CC4118A223D56A /* libz.tbd in Frameworks */,
				309D1346D0C84CF6AEE9F0F7 /* WebKit.framework in Frameworks */,
			);
			runOnlyForDeploymentPostprocessing = 0;
		};
/* End PBXFrameworksBuildPhase section */

/* Begin PBXGroup section */
		080E96DDFE201D6D7F000001 /* Classes */ = {
			isa = PBXGroup;
			children = (
				302D95EE14D2391D003F00A1 /* MainViewController.h */,
				302D95EF14D2391D003F00A1 /* MainViewController.m */,
				302D95F014D2391D003F00A1 /* MainViewController.xib */,
				1D3623240D0F684500981E51 /* AppDelegate.h */,
				1D3623250D0F684500981E51 /* AppDelegate.m */,
			);
			name = Classes;
			path = Ceez/Classes;
			sourceTree = SOURCE_ROOT;
		};
		19C28FACFE9D520D11CA2CBB /* Products */ = {
			isa = PBXGroup;
			children = (
				1D6058910D05DD3D006BFB54 /* Ceez.app */,
			);
			name = Products;
			sourceTree = "<group>";
		};
		29B97314FDCFA39411CA2CEA /* CustomTemplate */ = {
			isa = PBXGroup;
			children = (
				EB87FDF41871DAF40020F90C /* config.xml */,
				EB87FDF31871DA8E0020F90C /* www */,
				EB87FDF11871DA420020F90C /* Staging */,
				301BF52D109A57CC0062928A /* CordovaLib/CordovaLib.xcodeproj */,
				080E96DDFE201D6D7F000001 /* Classes */,
				307C750510C5A3420062BCA9 /* Plugins */,
				29B97315FDCFA39411CA2CEA /* Other Sources */,
				29B97317FDCFA39411CA2CEA /* Resources */,
				29B97323FDCFA39411CA2CEA /* Frameworks */,
				19C28FACFE9D520D11CA2CBB /* Products */,
			);
			name = CustomTemplate;
			sourceTree = "<group>";
		};
		29B97315FDCFA39411CA2CEA /* Other Sources */ = {
			isa = PBXGroup;
			children = (
				32CA4F630368D1EE00C91783 /* Ceez-Prefix.pch */,
				29B97316FDCFA39411CA2CEA /* main.m */,
				ED33DF2A687741AEAF9F8254 /* Bridging-Header.h */,
			);
			name = "Other Sources";
			path = Ceez;
			sourceTree = "<group>";
		};
		29B97317FDCFA39411CA2CEA /* Resources */ = {
			isa = PBXGroup;
			children = (
				0207DA571B56EA530066E2B4 /* Images.xcassets */,
				3047A50E1AB8057F00498E2A /* config */,
				8D1107310486CEB800E47090 /* Ceez-Info.plist */,
				6AFF5BF81D6E424B00AB3073 /* CDVLaunchScreen.storyboard */,
			);
			name = Resources;
			path = Ceez/Resources;
			sourceTree = "<group>";
		};
		29B97323FDCFA39411CA2CEA /* Frameworks */ = {
			isa = PBXGroup;
			children = (
				0190967CE56541FCB243E3B3 /* libCardIO.a */,
				BB82026E2F474FB5A1AFC8E6 /* libopencv_core.a */,
				3DBE9E1DA783489F830551E4 /* libopencv_imgproc.a */,
				DD6EECA134BD498BB4BA2DAF /* Accelerate.framework */,
				83BC9E19249D4F159E958CFC /* AudioToolbox.framework */,
				94656C3ACBA340E7B52D7179 /* AVFoundation.framework */,
				2D04DA1B18174C08AA439169 /* CoreMedia.framework */,
				1CD65647212A4B828BFAC531 /* CoreVideo.framework */,
				6668AB8A755249B2B46FFF16 /* Foundation.framework */,
				477BF1BAF6E94511A4007CAD /* OpenGLES.framework */,
				CD60DF3BC59E4FAAB4B0CB8B /* QuartzCore.framework */,
				D65B5E615A5D415EA3ACB963 /* Security.framework */,
				8D3C64418A17476D8B71721F /* UIKit.framework */,
				C7431EC0337A449582E61E8A /* libc++.dylib */,
				6B44A0997BF348539FD5BE47 /* libPayPalMobile.a */,
				19484F70AC8F4D1A9584394F /* CFNetwork.framework */,
				7D279D4CA7984F738F187AC4 /* CoreLocation.framework */,
				39167471D3EB46BB87E4F739 /* MessageUI.framework */,
				97ED5DAEB97B4B7D8DD751B8 /* SafariServices.framework */,
				9393DCBD60AF4619B9105BBD /* SystemConfiguration.framework */,
				AE3CB15B3EDF49E4895C0946 /* libPayPalMobile.a */,
				489EB3D07A204EDD8ACF4F62 /* libz.tbd */,
				2DC3FFDC17DE4D93B47A1307 /* WebKit.framework */,
			);
			name = Frameworks;
			sourceTree = "<group>";
		};
		301BF52E109A57CC0062928A /* Products */ = {
			isa = PBXGroup;
			children = (
				301BF535109A57CC0062928A /* libCordova.a */,
				AB749BA120697B38003E420D /* Cordova.framework */,
			);
			name = Products;
			sourceTree = "<group>";
		};
		3047A50E1AB8057F00498E2A /* config */ = {
			isa = PBXGroup;
			children = (
				3047A50F1AB8059700498E2A /* build-debug.xcconfig */,
				3047A5101AB8059700498E2A /* build-release.xcconfig */,
				3047A5111AB8059700498E2A /* build.xcconfig */,
			);
			name = config;
			sourceTree = "<group>";
		};
		307C750510C5A3420062BCA9 /* Plugins */ = {
			isa = PBXGroup;
			children = (
				8526D76B4B4A4FD98931462B /* CardIOCordovaPlugin.m */,
				73D8131C2392409FA52E8BAF /* CardIOCordovaPlugin.h */,
				3645D410FAE6482EBF182FB3 /* CardIO.h */,
				9016CF1E78694DE28F7911D6 /* CardIOCreditCardInfo.h */,
				8ACFD2ACBDE2442BA7620069 /* CardIODetectionMode.h */,
				8436E616E24F4BDAA85B9B66 /* CardIOPaymentViewController.h */,
				7A587BE9B41C4D1BB097CDD6 /* CardIOPaymentViewControllerDelegate.h */,
				8C9C92AF5C5F48A19E52D080 /* CardIOUtilities.h */,
				840CB242D84C4BA1BB70BDEA /* CardIOView.h */,
				01DD08EFCFD44E2F91395FC5 /* CardIOViewDelegate.h */,
				A584D5F11875494F8A38E675 /* PayPalMobileCordovaPlugin.m */,
				5129A3EA649E4565A985405A /* PayPalMobileCordovaPlugin.h */,
				F9BFC69DDFA24A8BA5B3D1E0 /* PayPalConfiguration.h */,
				91BC13EE29EC40E489BD6AB8 /* PayPalFuturePaymentViewController.h */,
				539F426EF58E4FB38CC449E0 /* PayPalMobile.h */,
				3C4000A70F84461987F6DCE4 /* PayPalOAuthScopes.h */,
				669CE5E097A24F8D9338D4DC /* PayPalPayment.h */,
				FB62EF6E521A40A1B30D047D /* PayPalPaymentViewController.h */,
				93290FB0C23C41B7965A3989 /* PayPalProfileSharingViewController.h */,
				A656A83192794707A01931F1 /* CDVDevice.m */,
				48E136939573482495180E24 /* CDVDevice.h */,
				8FBFA00A44BA431C8D676D5F /* CDVLocation.m */,
				71455DF5669642DA93ED163B /* CDVLocation.h */,
				9B51614D4ECE4E569F8559DD /* CDVIonicKeyboard.m */,
				5F0A8D955F294E58B589829A /* CDVIonicKeyboard.h */,
				492C181B5CCB4C5B8B2968CF /* CDVWKWebViewEngine.m */,
				F6953F0816134D40B587AEE5 /* CDVWKWebViewUIDelegate.m */,
				9DFA546DFC524633ACA34D37 /* CDVWKProcessPoolFactory.m */,
				2CD0E0BA93CC4FB8B808043E /* GCDWebServer.m */,
				6D3ABEB2CDB242D5902B45A5 /* GCDWebServerConnection.m */,
				835CE3501898459B99BD2291 /* GCDWebServerFunctions.m */,
				E3ECD7D6E4BC4DB3B916FB36 /* GCDWebServerRequest.m */,
				B5ED93841C214C75AAD2C16E /* GCDWebServerResponse.m */,
				F4220E5241764F0699691B64 /* GCDWebServerDataRequest.m */,
				0DA7D57FC730476EBD419A4B /* GCDWebServerFileRequest.m */,
				A44FAA2959AC4916B593A1C5 /* GCDWebServerMultiPartFormRequest.m */,
				6C857A397A8D4D7DAD82FF6C /* GCDWebServerURLEncodedFormRequest.m */,
				B3B17F41371B4A109E7A01D2 /* GCDWebServerDataResponse.m */,
				7BC3D2DE64D745D299D0490F /* GCDWebServerErrorResponse.m */,
				48C7380483A14DFCB2101776 /* GCDWebServerFileResponse.m */,
				889517E8279A4CC7BF29EC0D /* GCDWebServerStreamedResponse.m */,
				41269C572C39462EB5752A73 /* CDVWKWebViewEngine.h */,
				F6851231075947188D51208B /* CDVWKWebViewUIDelegate.h */,
				45DA05AFD30247589955303F /* CDVWKProcessPoolFactory.h */,
				918674A158FD4A38BC70A65B /* GCDWebServer.h */,
				2572A90E296A453580A9A010 /* GCDWebServerConnection.h */,
				06BB670C25AF4D339F44587D /* GCDWebServerFunctions.h */,
				F6DBA5839E3D488EA27EA555 /* GCDWebServerHTTPStatusCodes.h */,
				5D0E65A6F71A46A0B30A811F /* GCDWebServerPrivate.h */,
				26541855282F4434853FB7B9 /* GCDWebServerRequest.h */,
				D7CFCF8EEA2541BDBD580688 /* GCDWebServerResponse.h */,
				ABCB65B349314E569F77A2F2 /* GCDWebServerDataRequest.h */,
				3958D3193D074E47BE2D5E54 /* GCDWebServerFileRequest.h */,
				F96ED8B3FAEF41538B3FB9FB /* GCDWebServerMultiPartFormRequest.h */,
				5F255FED1A9546D98E70D31F /* GCDWebServerURLEncodedFormRequest.h */,
				82296D86E77D41608A3F9AA1 /* GCDWebServerDataResponse.h */,
				69BEBC35561140A7ADA7E02B /* GCDWebServerErrorResponse.h */,
				CC6D5DFE8C014E96A05B8C49 /* GCDWebServerFileResponse.h */,
				6E2D28D543024FBBA8B28214 /* GCDWebServerStreamedResponse.h */,
				17B1B120382D47E1B69610EB /* NativeGeocoder.swift */,
				B714D7AA6F3B4612AAC2676A /* NativeGeocoder-Bridging-Header.h */,
				6174B27883A5415BA3739FFB /* CDVSplashScreen.m */,
				915124AE35B144A683E1BDE2 /* CDVViewController+SplashScreen.m */,
				8377CE25268C4EA985D7E8BB /* CDVSplashScreen.h */,
				A80D48D879934B94BA574199 /* CDVViewController+SplashScreen.h */,
				FD4BAE2642E243D9BAED44A8 /* SQLitePlugin.m */,
				A7118D3910854948BD484900 /* PSPDFThreadSafeMutableDictionary.m */,
				1A5BCE9D7B894B3E870054EF /* sqlite3.c */,
				8D338FAC03CE4FD199EF158F /* SQLitePlugin.h */,
				9FD267398ECA459D81A4074A /* PSPDFThreadSafeMutableDictionary.h */,
				618EA6F1898948DB9C8B1FC0 /* sqlite3.h */,
			);
			name = Plugins;
			path = Ceez/Plugins;
			sourceTree = SOURCE_ROOT;
		};
		EB87FDF11871DA420020F90C /* Staging */ = {
			isa = PBXGroup;
			children = (
				F840E1F0165FE0F500CFE078 /* config.xml */,
				301BF56E109A69640062928A /* www */,
			);
			name = Staging;
			sourceTree = "<group>";
		};
/* End PBXGroup section */

/* Begin PBXNativeTarget section */
		1D6058900D05DD3D006BFB54 /* Ceez */ = {
			isa = PBXNativeTarget;
			buildConfigurationList = 1D6058960D05DD3E006BFB54 /* Build configuration list for PBXNativeTarget "Ceez" */;
			buildPhases = (
				304B58A110DAC018002A0835 /* Copy www directory */,
				1D60588D0D05DD3D006BFB54 /* Resources */,
				1D60588E0D05DD3D006BFB54 /* Sources */,
				1D60588F0D05DD3D006BFB54 /* Frameworks */,
			);
			buildRules = (
			);
			dependencies = (
				301BF551109A68C00062928A /* PBXTargetDependency */,
			);
			name = Ceez;
			productName = Ceez;
			productReference = 1D6058910D05DD3D006BFB54 /* Ceez.app */;
			productType = "com.apple.product-type.application";
		};
/* End PBXNativeTarget section */

/* Begin PBXProject section */
		29B97313FDCFA39411CA2CEA /* Project object */ = {
			isa = PBXProject;
			attributes = {
				LastUpgradeCheck = 510;
				TargetAttributes = {
					1D6058900D05DD3D006BFB54 = {
						DevelopmentTeam = 7CPJE45V9H;
						ProvisioningStyle = Automatic;
					};
				};
			};
			buildConfigurationList = C01FCF4E08A954540054247B /* Build configuration list for PBXProject "Ceez" */;
			compatibilityVersion = "Xcode 3.2";
			developmentRegion = English;
			hasScannedForEncodings = 1;
			knownRegions = (
				en,
			);
			mainGroup = 29B97314FDCFA39411CA2CEA /* CustomTemplate */;
			projectDirPath = "";
			projectReferences = (
				{
					ProductGroup = 301BF52E109A57CC0062928A /* Products */;
					ProjectRef = 301BF52D109A57CC0062928A /* CordovaLib/CordovaLib.xcodeproj */;
				},
			);
			projectRoot = "";
			targets = (
				1D6058900D05DD3D006BFB54 /* Ceez */,
			);
		};
/* End PBXProject section */

/* Begin PBXReferenceProxy section */
		301BF535109A57CC0062928A /* libCordova.a */ = {
			isa = PBXReferenceProxy;
			fileType = archive.ar;
			path = libCordova.a;
			remoteRef = 301BF534109A57CC0062928A /* PBXContainerItemProxy */;
			sourceTree = BUILT_PRODUCTS_DIR;
		};
		AB749BA120697B38003E420D /* Cordova.framework */ = {
			isa = PBXReferenceProxy;
			fileType = wrapper.framework;
			path = Cordova.framework;
			remoteRef = AB749BA020697B38003E420D /* PBXContainerItemProxy */;
			sourceTree = BUILT_PRODUCTS_DIR;
		};
/* End PBXReferenceProxy section */

/* Begin PBXResourcesBuildPhase section */
		1D60588D0D05DD3D006BFB54 /* Resources */ = {
			isa = PBXResourcesBuildPhase;
			buildActionMask = 2147483647;
			files = (
				302D95F214D2391D003F00A1 /* MainViewController.xib in Resources */,
				0207DA581B56EA530066E2B4 /* Images.xcassets in Resources */,
				6AFF5BF91D6E424B00AB3073 /* CDVLaunchScreen.storyboard in Resources */,
			);
			runOnlyForDeploymentPostprocessing = 0;
		};
/* End PBXResourcesBuildPhase section */

/* Begin PBXShellScriptBuildPhase section */
		304B58A110DAC018002A0835 /* Copy www directory */ = {
			isa = PBXShellScriptBuildPhase;
			buildActionMask = 2147483647;
			files = (
			);
			inputPaths = (
			);
			name = "Copy www directory";
			outputPaths = (
			);
			runOnlyForDeploymentPostprocessing = 0;
			shellPath = /bin/sh;
			shellScript = "NODEJS_PATH=/usr/local/bin; NVM_NODE_PATH=~/.nvm/versions/node/`nvm version 2>/dev/null`/bin; N_NODE_PATH=`find /usr/local/n/versions/node/* -maxdepth 0 -type d 2>/dev/null | tail -1`/bin; XCODE_NODE_PATH=`xcode-select --print-path`/usr/share/xcs/Node/bin; PATH=$NODEJS_PATH:$NVM_NODE_PATH:$N_NODE_PATH:$XCODE_NODE_PATH:$PATH && node cordova/lib/copy-www-build-step.js";
			showEnvVarsInLog = 0;
		};
/* End PBXShellScriptBuildPhase section */

/* Begin PBXSourcesBuildPhase section */
		1D60588E0D05DD3D006BFB54 /* Sources */ = {
			isa = PBXSourcesBuildPhase;
			buildActionMask = 2147483647;
			files = (
				1D60589B0D05DD56006BFB54 /* main.m in Sources */,
				1D3623260D0F684500981E51 /* AppDelegate.m in Sources */,
				302D95F114D2391D003F00A1 /* MainViewController.m in Sources */,
				862AC35BB99543DB9008E317 /* CardIOCordovaPlugin.m in Sources */,
				982F007B98A64EEAAE5B219D /* PayPalMobileCordovaPlugin.m in Sources */,
				EDD90C4BF7A346CEAB8FE476 /* CDVDevice.m in Sources */,
				DF2CAD756B66409D9DF18034 /* CDVLocation.m in Sources */,
				2D4EF934939845D5AE6015E2 /* CDVIonicKeyboard.m in Sources */,
				CB1160867B744978BBE14F8C /* CDVWKWebViewEngine.m in Sources */,
				6EB8BC0CED2E47BBBD473AF2 /* CDVWKWebViewUIDelegate.m in Sources */,
				6B9FB52EF7194643937F9122 /* CDVWKProcessPoolFactory.m in Sources */,
				B4EEE2CDD4DC467E9935712E /* GCDWebServer.m in Sources */,
				AF200F76B49A4287B2B44E68 /* GCDWebServerConnection.m in Sources */,
				6DCD0F5BEEFC42DABBCEE243 /* GCDWebServerFunctions.m in Sources */,
				54BB2B8D887541DC8F6CC8B2 /* GCDWebServerRequest.m in Sources */,
				7FB940A86284404AB9CCB71D /* GCDWebServerResponse.m in Sources */,
				A595313BE02B4E2AB4E33B1D /* GCDWebServerDataRequest.m in Sources */,
				6F2410B8EC704120AA50FAC4 /* GCDWebServerFileRequest.m in Sources */,
				762D80FDC6CB42D5BDB3D41A /* GCDWebServerMultiPartFormRequest.m in Sources */,
				C9A2242652F84C48A2B31B1D /* GCDWebServerURLEncodedFormRequest.m in Sources */,
				1A7EDA8D060E44C4BC9057F7 /* GCDWebServerDataResponse.m in Sources */,
				8A7DC6F5024A418F9CCF005F /* GCDWebServerErrorResponse.m in Sources */,
				B212CA52DBE040DE961A9560 /* GCDWebServerFileResponse.m in Sources */,
				80D55994ACA24B02ACE2DFB9 /* GCDWebServerStreamedResponse.m in Sources */,
				2A56D9324CE8458D979958AC /* NativeGeocoder.swift in Sources */,
				B1F0EAEF2E07466A8E89F2ED /* CDVSplashScreen.m in Sources */,
				5C03972444574EABAF98A243 /* CDVViewController+SplashScreen.m in Sources */,
				58D5161665AB4BB8992293E7 /* SQLitePlugin.m in Sources */,
				201B3F3D93024B2A9EE91ECD /* PSPDFThreadSafeMutableDictionary.m in Sources */,
				B899062C682442839B392867 /* sqlite3.c in Sources */,
			);
			runOnlyForDeploymentPostprocessing = 0;
		};
/* End PBXSourcesBuildPhase section */

/* Begin PBXTargetDependency section */
		301BF551109A68C00062928A /* PBXTargetDependency */ = {
			isa = PBXTargetDependency;
			name = CordovaLib;
			targetProxy = 301BF550109A68C00062928A /* PBXContainerItemProxy */;
		};
/* End PBXTargetDependency section */

/* Begin XCBuildConfiguration section */
		1D6058940D05DD3E006BFB54 /* Debug */ = {
			isa = XCBuildConfiguration;
			baseConfigurationReference = 3047A50F1AB8059700498E2A /* build-debug.xcconfig */;
			buildSettings = {
				ALWAYS_SEARCH_USER_PATHS = NO;
				ASSETCATALOG_COMPILER_APPICON_NAME = AppIcon;
				ASSETCATALOG_COMPILER_LAUNCHIMAGE_NAME = LaunchImage;
				CLANG_ENABLE_MODULES = YES;
				CLANG_ENABLE_OBJC_ARC = YES;
				"CODE_SIGN_IDENTITY[sdk=iphoneos*]" = "iPhone Developer";
				CODE_SIGN_STYLE = Automatic;
				COPY_PHASE_STRIP = NO;
				DEVELOPMENT_TEAM = 7CPJE45V9H;
				GCC_DYNAMIC_NO_PIC = NO;
				GCC_OPTIMIZATION_LEVEL = 0;
				GCC_PRECOMPILE_PREFIX_HEADER = YES;
				GCC_PREFIX_HEADER = "Ceez/Ceez-Prefix.pch";
				GCC_THUMB_SUPPORT = NO;
				GCC_VERSION = "";
				INFOPLIST_FILE = "Ceez/Ceez-Info.plist";
				IPHONEOS_DEPLOYMENT_TARGET = 9.0;
				LD_RUNPATH_SEARCH_PATHS = "@executable_path/Frameworks";
				LIBRARY_SEARCH_PATHS = (
					"$(inherited)",
					"\"$(SRCROOT)/Ceez/Plugins/card.io.cordova.mobilesdk\"",
					"\"$(SRCROOT)/Ceez/Plugins/card.io.cordova.mobilesdk\"",
					"\"$(SRCROOT)/Ceez/Plugins/card.io.cordova.mobilesdk\"",
					"\"$(SRCROOT)/Ceez/Plugins/com.paypal.cordova.mobilesdk\"",
				);
				PRODUCT_BUNDLE_IDENTIFIER = com.ceez.ceezlifestyle;
				PRODUCT_NAME = Ceez;
				PROVISIONING_PROFILE_SPECIFIER = "";
				SWIFT_VERSION = 3.0;
				TARGETED_DEVICE_FAMILY = "1,2";
			};
			name = Debug;
		};
		1D6058950D05DD3E006BFB54 /* Release */ = {
			isa = XCBuildConfiguration;
			baseConfigurationReference = 3047A5101AB8059700498E2A /* build-release.xcconfig */;
			buildSettings = {
				ALWAYS_SEARCH_USER_PATHS = NO;
				ASSETCATALOG_COMPILER_APPICON_NAME = AppIcon;
				ASSETCATALOG_COMPILER_LAUNCHIMAGE_NAME = LaunchImage;
				CLANG_ENABLE_MODULES = YES;
				CLANG_ENABLE_OBJC_ARC = YES;
				"CODE_SIGN_IDENTITY[sdk=iphoneos*]" = "iPhone Developer";
				CODE_SIGN_STYLE = Automatic;
				COPY_PHASE_STRIP = YES;
				DEVELOPMENT_TEAM = 7CPJE45V9H;
				GCC_PRECOMPILE_PREFIX_HEADER = YES;
				GCC_PREFIX_HEADER = "Ceez/Ceez-Prefix.pch";
				GCC_THUMB_SUPPORT = NO;
				GCC_VERSION = "";
				INFOPLIST_FILE = "Ceez/Ceez-Info.plist";
				IPHONEOS_DEPLOYMENT_TARGET = 9.0;
				LD_RUNPATH_SEARCH_PATHS = "@executable_path/Frameworks";
				LIBRARY_SEARCH_PATHS = (
					"$(inherited)",
					"\"$(SRCROOT)/Ceez/Plugins/card.io.cordova.mobilesdk\"",
					"\"$(SRCROOT)/Ceez/Plugins/card.io.cordova.mobilesdk\"",
					"\"$(SRCROOT)/Ceez/Plugins/card.io.cordova.mobilesdk\"",
					"\"$(SRCROOT)/Ceez/Plugins/com.paypal.cordova.mobilesdk\"",
				);
				PRODUCT_BUNDLE_IDENTIFIER = com.ceez.ceezlifestyle;
				PRODUCT_NAME = Ceez;
				PROVISIONING_PROFILE_SPECIFIER = "";
				SWIFT_VERSION = 3.0;
				TARGETED_DEVICE_FAMILY = "1,2";
			};
			name = Release;
		};
		C01FCF4F08A954540054247B /* Debug */ = {
			isa = XCBuildConfiguration;
			baseConfigurationReference = 3047A5111AB8059700498E2A /* build.xcconfig */;
			buildSettings = {
				CLANG_ENABLE_MODULES = YES;
				CLANG_ENABLE_OBJC_ARC = YES;
				CLANG_WARN_BOOL_CONVERSION = YES;
				CLANG_WARN_CONSTANT_CONVERSION = YES;
				CLANG_WARN_EMPTY_BODY = YES;
				CLANG_WARN_ENUM_CONVERSION = YES;
				CLANG_WARN_INT_CONVERSION = YES;
				CLANG_WARN__DUPLICATE_METHOD_MATCH = YES;
				GCC_C_LANGUAGE_STANDARD = c99;
				GCC_THUMB_SUPPORT = NO;
				GCC_VERSION = "";
				GCC_WARN_ABOUT_RETURN_TYPE = YES;
				GCC_WARN_UNDECLARED_SELECTOR = YES;
				GCC_WARN_UNINITIALIZED_AUTOS = YES;
				GCC_WARN_UNUSED_FUNCTION = YES;
				GCC_WARN_UNUSED_VARIABLE = YES;
				ONLY_ACTIVE_ARCH = YES;
				SDKROOT = iphoneos;
				SKIP_INSTALL = NO;
			};
			name = Debug;
		};
		C01FCF5008A954540054247B /* Release */ = {
			isa = XCBuildConfiguration;
			baseConfigurationReference = 3047A5111AB8059700498E2A /* build.xcconfig */;
			buildSettings = {
				CLANG_ENABLE_MODULES = YES;
				CLANG_ENABLE_OBJC_ARC = YES;
				CLANG_WARN_BOOL_CONVERSION = YES;
				CLANG_WARN_CONSTANT_CONVERSION = YES;
				CLANG_WARN_EMPTY_BODY = YES;
				CLANG_WARN_ENUM_CONVERSION = YES;
				CLANG_WARN_INT_CONVERSION = YES;
				CLANG_WARN__DUPLICATE_METHOD_MATCH = YES;
				GCC_C_LANGUAGE_STANDARD = c99;
				GCC_THUMB_SUPPORT = NO;
				GCC_VERSION = "";
				GCC_WARN_ABOUT_RETURN_TYPE = YES;
				GCC_WARN_UNDECLARED_SELECTOR = YES;
				GCC_WARN_UNINITIALIZED_AUTOS = YES;
				GCC_WARN_UNUSED_FUNCTION = YES;
				GCC_WARN_UNUSED_VARIABLE = YES;
				SDKROOT = iphoneos;
				SKIP_INSTALL = NO;
			};
			name = Release;
		};
/* End XCBuildConfiguration section */

/* Begin XCConfigurationList section */
		1D6058960D05DD3E006BFB54 /* Build configuration list for PBXNativeTarget "Ceez" */ = {
			isa = XCConfigurationList;
			buildConfigurations = (
				1D6058940D05DD3E006BFB54 /* Debug */,
				1D6058950D05DD3E006BFB54 /* Release */,
			);
			defaultConfigurationIsVisible = 0;
			defaultConfigurationName = Release;
		};
		C01FCF4E08A954540054247B /* Build configuration list for PBXProject "Ceez" */ = {
			isa = XCConfigurationList;
			buildConfigurations = (
				C01FCF4F08A954540054247B /* Debug */,
				C01FCF5008A954540054247B /* Release */,
			);
			defaultConfigurationIsVisible = 0;
			defaultConfigurationName = Release;
		};
/* End XCConfigurationList section */
	};
	rootObject = 29B97313FDCFA39411CA2CEA /* Project object */;
}
